dependencies:
- name: postgresql
  repository: oci://registry-1.docker.io/bitnamicharts
  version: 18.7.6
- name: valkey
  repository: https://valkey.io/valkey-helm/
  version: 0.10.0
- name: nats
  repository: https://nats-io.github.io/k8s/helm/charts/
  version: 2.14.2
- name: couchdb
  repository: https://apache.github.io/couchdb-helm
  version: 4.6.3
- name: flowable
  repository: https://flowable.github.io/helm/
  version: 7.1.0
- name: keycloak
  repository: oci://registry-1.docker.io/bitnamicharts
  version: 25.2.0
digest: sha256:e936deb5a89d790fe04446de3229f0e1421ac88d3ed27e5f5f36c03ab22fa4ae
generated: "2026-06-19T16:44:44.2888063+05:00"
